// !$*UTF8*$!
{
	archiveVersion = 1;
	classes = {
	};
	objectVersion = 55;
	objects = {

/* Begin PBXBuildFile section */
		7D75CE982809A0CF00AC597A /* FruitsApp.swift in Sources */ = {isa = PBXBuildFile; fileRef = 7D75CE972809A0CF00AC597A /* FruitsApp.swift */; };
		7D75CE9C2809A0D200AC597A /* Assets.xcassets in Resources */ = {isa = PBXBuildFile; fileRef = 7D75CE9B2809A0D200AC597A /* Assets.xcassets */; };
		7D75CE9F2809A0D200AC597A /* Preview Assets.xcassets in Resources */ = {isa = PBXBuildFile; fileRef = 7D75CE9E2809A0D200AC597A /* Preview Assets.xcassets */; };
		7D75CEA82809A50900AC597A /* CardView.swift in Sources */ = {isa = PBXBuildFile; fileRef = 7D75CEA72809A50900AC597A /* CardView.swift */; };
		7D75CEAA2809A9AD00AC597A /* StartButtonView.swift in Sources */ = {isa = PBXBuildFile; fileRef = 7D75CEA92809A9AD00AC597A /* StartButtonView.swift */; };
		7D75CEAD2809AF1400AC597A /* Onboarding.swift in Sources */ = {isa = PBXBuildFile; fileRef = 7D75CEAC2809AF1400AC597A /* Onboarding.swift */; };
		7D75CEAF2809B17500AC597A /* FruitModel.swift in Sources */ = {isa = PBXBuildFile; fileRef = 7D75CEAE2809B17500AC597A /* FruitModel.swift */; };
		7D75CEB22809B26B00AC597A /* FruitData.swift in Sources */ = {isa = PBXBuildFile; fileRef = 7D75CEB12809B26B00AC597A /* FruitData.swift */; };
		7D75CEB42809B8FE00AC597A /* HomePage.swift in Sources */ = {isa = PBXBuildFile; fileRef = 7D75CEB32809B8FE00AC597A /* HomePage.swift */; };
		7D75CEB82809B9A900AC597A /* Constants.swift in Sources */ = {isa = PBXBuildFile; fileRef = 7D75CEB72809B9A900AC597A /* Constants.swift */; };
		7D75CEC02809BED800AC597A /* ListCardView.swift in Sources */ = {isa = PBXBuildFile; fileRef = 7D75CEBF2809BED800AC597A /* ListCardView.swift */; };
		7D75CEC42809D73D00AC597A /* FruitDetail.swift in Sources */ = {isa = PBXBuildFile; fileRef = 7D75CEC32809D73D00AC597A /* FruitDetail.swift */; };
		7D75CEC82809DBDA00AC597A /* HeaderView.swift in Sources */ = {isa = PBXBuildFile; fileRef = 7D75CEC72809DBDA00AC597A /* HeaderView.swift */; };
		7D75CECA2809DE0200AC597A /* SourceLinkView.swift in Sources */ = {isa = PBXBuildFile; fileRef = 7D75CEC92809DE0200AC597A /* SourceLinkView.swift */; };
		7D75CECC2809E0EC00AC597A /* NutrientView.swift in Sources */ = {isa = PBXBuildFile; fileRef = 7D75CECB2809E0EC00AC597A /* NutrientView.swift */; };
		7D75CED02809E69600AC597A /* Settings.swift in Sources */ = {isa = PBXBuildFile; fileRef = 7D75CECF2809E69600AC597A /* Settings.swift */; };
		7D75CED32809EE1F00AC597A /* SettingsLabelView.swift in Sources */ = {isa = PBXBuildFile; fileRef = 7D75CED22809EE1F00AC597A /* SettingsLabelView.swift */; };
		7D75CED5280AF5F400AC597A /* SettingsRowView.swift in Sources */ = {isa = PBXBuildFile; fileRef = 7D75CED4280AF5F400AC597A /* SettingsRowView.swift */; };
/* End PBXBuildFile section */

/* Begin PBXFileReference section */
		7D75CE942809A0CF00AC597A /* Fruits.app */ = {isa = PBXFileReference; explicitFileType = wrapper.application; includeInIndex = 0; path = Fruits.app; sourceTree = BUILT_PRODUCTS_DIR; };
		7D75CE972809A0CF00AC597A /* FruitsApp.swift */ = {isa = PBXFileReference; lastKnownFileType = sourcecode.swift; path = FruitsApp.swift; sourceTree = "<group>"; };
		7D75CE9B2809A0D200AC597A /* Assets.xcassets */ = {isa = PBXFileReference; lastKnownFileType = folder.assetcatalog; path = Assets.xcassets; sourceTree = "<group>"; };
		7D75CE9E2809A0D200AC597A /* Preview Assets.xcassets */ = {isa = PBXFileReference; lastKnownFileType = folder.assetcatalog; path = "Preview Assets.xcassets"; sourceTree = "<group>"; };
		7D75CEA72809A50900AC597A /* CardView.swift */ = {isa = PBXFileReference; lastKnownFileType = sourcecode.swift; path = CardView.swift; sourceTree = "<group>"; };
		7D75CEA92809A9AD00AC597A /* StartButtonView.swift */ = {isa = PBXFileReference; lastKnownFileType = sourcecode.swift; path = StartButtonView.swift; sourceTree = "<group>"; };
		7D75CEAC2809AF1400AC597A /* Onboarding.swift */ = {isa = PBXFileReference; lastKnownFileType = sourcecode.swift; path = Onboarding.swift; sourceTree = "<group>"; };
		7D75CEAE2809B17500AC597A /* FruitModel.swift */ = {isa = PBXFileReference; lastKnownFileType = sourcecode.swift; path = FruitModel.swift; sourceTree = "<group>"; };
		7D75CEB12809B26B00AC597A /* FruitData.swift */ = {isa = PBXFileReference; lastKnownFileType = sourcecode.swift; path = FruitData.swift; sourceTree = "<group>"; };
		7D75CEB32809B8FE00AC597A /* HomePage.swift */ = {isa = PBXFileReference; lastKnownFileType = sourcecode.swift; path = HomePage.swift; sourceTree = "<group>"; };
		7D75CEB72809B9A900AC597A /* Constants.swift */ = {isa = PBXFileReference; lastKnownFileType = sourcecode.swift; path = Constants.swift; sourceTree = "<group>"; };
		7D75CEBF2809BED800AC597A /* ListCardView.swift */ = {isa = PBXFileReference; lastKnownFileType = sourcecode.swift; path = ListCardView.swift; sourceTree = "<group>"; };
		7D75CEC32809D73D00AC597A /* FruitDetail.swift */ = {isa = PBXFileReference; lastKnownFileType = sourcecode.swift; path = FruitDetail.swift; sourceTree = "<group>"; };
		7D75CEC72809DBDA00AC597A /* HeaderView.swift */ = {isa = PBXFileReference; lastKnownFileType = sourcecode.swift; path = HeaderView.swift; sourceTree = "<group>"; };
		7D75CEC92809DE0200AC597A /* SourceLinkView.swift */ = {isa = PBXFileReference; lastKnownFileType = sourcecode.swift; path = SourceLinkView.swift; sourceTree = "<group>"; };
		7D75CECB2809E0EC00AC597A /* NutrientView.swift */ = {isa = PBXFileReference; lastKnownFileType = sourcecode.swift; path = NutrientView.swift; sourceTree = "<group>"; };
		7D75CECF2809E69600AC597A /* Settings.swift */ = {isa = PBXFileReference; lastKnownFileType = sourcecode.swift; path = Settings.swift; sourceTree = "<group>"; };
		7D75CED22809EE1F00AC597A /* SettingsLabelView.swift */ = {isa = PBXFileReference; lastKnownFileType = sourcecode.swift; path = SettingsLabelView.swift; sourceTree = "<group>"; };
		7D75CED4280AF5F400AC597A /* SettingsRowView.swift */ = {isa = PBXFileReference; lastKnownFileType = sourcecode.swift; path = SettingsRowView.swift; sourceTree = "<group>"; };
/* End PBXFileReference section */

/* Begin PBXFrameworksBuildPhase section */
		7D75CE912809A0CF00AC597A /* Frameworks */ = {
			isa = PBXFrameworksBuildPhase;
			buildActionMask = 2147483647;
			files = (
			);
			runOnlyForDeploymentPostprocessing = 0;
		};
/* End PBXFrameworksBuildPhase section */

/* Begin PBXGroup section */
		7D75CE8B2809A0CF00AC597A = {
			isa = PBXGroup;
			children = (
				7D75CE962809A0CF00AC597A /* Fruits */,
				7D75CE952809A0CF00AC597A /* Products */,
			);
			sourceTree = "<group>";
		};
		7D75CE952809A0CF00AC597A /* Products */ = {
			isa = PBXGroup;
			children = (
				7D75CE942809A0CF00AC597A /* Fruits.app */,
			);
			name = Products;
			sourceTree = "<group>";
		};
		7D75CE962809A0CF00AC597A /* Fruits */ = {
			isa = PBXGroup;
			children = (
				7D75CEB52809B99100AC597A /* Core */,
				7D75CEB92809BA0E00AC597A /* Features */,
				7D75CE9B2809A0D200AC597A /* Assets.xcassets */,
				7D75CE972809A0CF00AC597A /* FruitsApp.swift */,
				7D75CE9D2809A0D200AC597A /* Preview Content */,
			);
			path = Fruits;
			sourceTree = "<group>";
		};
		7D75CE9D2809A0D200AC597A /* Preview Content */ = {
			isa = PBXGroup;
			children = (
				7D75CE9E2809A0D200AC597A /* Preview Assets.xcassets */,
			);
			path = "Preview Content";
			sourceTree = "<group>";
		};
		7D75CEA62809A4F700AC597A /* Model */ = {
			isa = PBXGroup;
			children = (
				7D75CEAE2809B17500AC597A /* FruitModel.swift */,
			);
			path = Model;
			sourceTree = "<group>";
		};
		7D75CEAB2809AEFD00AC597A /* Screen */ = {
			isa = PBXGroup;
			children = (
				7D75CEB32809B8FE00AC597A /* HomePage.swift */,
			);
			path = Screen;
			sourceTree = "<group>";
		};
		7D75CEB02809B25C00AC597A /* Data */ = {
			isa = PBXGroup;
			children = (
				7D75CEB12809B26B00AC597A /* FruitData.swift */,
			);
			path = Data;
			sourceTree = "<group>";
		};
		7D75CEB52809B99100AC597A /* Core */ = {
			isa = PBXGroup;
			children = (
				7D75CEA62809A4F700AC597A /* Model */,
				7D75CEB62809B99600AC597A /* Utils */,
			);
			path = Core;
			sourceTree = "<group>";
		};
		7D75CEB62809B99600AC597A /* Utils */ = {
			isa = PBXGroup;
			children = (
				7D75CEB72809B9A900AC597A /* Constants.swift */,
			);
			path = Utils;
			sourceTree = "<group>";
		};
		7D75CEB92809BA0E00AC597A /* Features */ = {
			isa = PBXGroup;
			children = (
				7D75CECD2809E68100AC597A /* Settings */,
				7D75CEC12809D70700AC597A /* FruitDetail */,
				7D75CEBD2809BA5400AC597A /* Home */,
				7D75CEBA2809BA1800AC597A /* Onboarding */,
			);
			path = Features;
			sourceTree = "<group>";
		};
		7D75CEBA2809BA1800AC597A /* Onboarding */ = {
			isa = PBXGroup;
			children = (
				7D75CEB02809B25C00AC597A /* Data */,
				7D75CEBC2809BA3400AC597A /* Views */,
				7D75CEBB2809BA2000AC597A /* Screen */,
			);
			path = Onboarding;
			sourceTree = "<group>";
		};
		7D75CEBB2809BA2000AC597A /* Screen */ = {
			isa = PBXGroup;
			children = (
				7D75CEAC2809AF1400AC597A /* Onboarding.swift */,
			);
			path = Screen;
			sourceTree = "<group>";
		};
		7D75CEBC2809BA3400AC597A /* Views */ = {
			isa = PBXGroup;
			children = (
				7D75CEA72809A50900AC597A /* CardView.swift */,
				7D75CEA92809A9AD00AC597A /* StartButtonView.swift */,
			);
			path = Views;
			sourceTree = "<group>";
		};
		7D75CEBD2809BA5400AC597A /* Home */ = {
			isa = PBXGroup;
			children = (
				7D75CEBE2809BEC500AC597A /* Views */,
				7D75CEAB2809AEFD00AC597A /* Screen */,
			);
			path = Home;
			sourceTree = "<group>";
		};
		7D75CEBE2809BEC500AC597A /* Views */ = {
			isa = PBXGroup;
			children = (
				7D75CEBF2809BED800AC597A /* ListCardView.swift */,
			);
			path = Views;
			sourceTree = "<group>";
		};
		7D75CEC12809D70700AC597A /* FruitDetail */ = {
			isa = PBXGroup;
			children = (
				7D75CEC52809D74700AC597A /* Views */,
				7D75CEC22809D72400AC597A /* Screen */,
			);
			path = FruitDetail;
			sourceTree = "<group>";
		};
		7D75CEC22809D72400AC597A /* Screen */ = {
			isa = PBXGroup;
			children = (
				7D75CEC32809D73D00AC597A /* FruitDetail.swift */,
			);
			path = Screen;
			sourceTree = "<group>";
		};
		7D75CEC52809D74700AC597A /* Views */ = {
			isa = PBXGroup;
			children = (
				7D75CEC72809DBDA00AC597A /* HeaderView.swift */,
				7D75CEC92809DE0200AC597A /* SourceLinkView.swift */,
				7D75CECB2809E0EC00AC597A /* NutrientView.swift */,
			);
			path = Views;
			sourceTree = "<group>";
		};
		7D75CECD2809E68100AC597A /* Settings */ = {
			isa = PBXGroup;
			children = (
				7D75CED12809EE1100AC597A /* Views */,
				7D75CECE2809E68800AC597A /* Screen */,
			);
			path = Settings;
			sourceTree = "<group>";
		};
		7D75CECE2809E68800AC597A /* Screen */ = {
			isa = PBXGroup;
			children = (
				7D75CECF2809E69600AC597A /* Settings.swift */,
			);
			path = Screen;
			sourceTree = "<group>";
		};
		7D75CED12809EE1100AC597A /* Views */ = {
			isa = PBXGroup;
			children = (
				7D75CED22809EE1F00AC597A /* SettingsLabelView.swift */,
				7D75CED4280AF5F400AC597A /* SettingsRowView.swift */,
			);
			path = Views;
			sourceTree = "<group>";
		};
/* End PBXGroup section */

/* Begin PBXNativeTarget section */
		7D75CE932809A0CF00AC597A /* Fruits */ = {
			isa = PBXNativeTarget;
			buildConfigurationList = 7D75CEA22809A0D200AC597A /* Build configuration list for PBXNativeTarget "Fruits" */;
			buildPhases = (
				7D75CE902809A0CF00AC597A /* Sources */,
				7D75CE912809A0CF00AC597A /* Frameworks */,
				7D75CE922809A0CF00AC597A /* Resources */,
			);
			buildRules = (
			);
			dependencies = (
			);
			name = Fruits;
			productName = Fruits;
			productReference = 7D75CE942809A0CF00AC597A /* Fruits.app */;
			productType = "com.apple.product-type.application";
		};
/* End PBXNativeTarget section */

/* Begin PBXProject section */
		7D75CE8C2809A0CF00AC597A /* Project object */ = {
			isa = PBXProject;
			attributes = {
				BuildIndependentTargetsInParallel = 1;
				LastSwiftUpdateCheck = 1330;
				LastUpgradeCheck = 1330;
				TargetAttributes = {
					7D75CE932809A0CF00AC597A = {
						CreatedOnToolsVersion = 13.3;
					};
				};
			};
			buildConfigurationList = 7D75CE8F2809A0CF00AC597A /* Build configuration list for PBXProject "Fruits" */;
			compatibilityVersion = "Xcode 13.0";
			developmentRegion = en;
			hasScannedForEncodings = 0;
			knownRegions = (
				en,
				Base,
			);
			mainGroup = 7D75CE8B2809A0CF00AC597A;
			productRefGroup = 7D75CE952809A0CF00AC597A /* Products */;
			projectDirPath = "";
			projectRoot = "";
			targets = (
				7D75CE932809A0CF00AC597A /* Fruits */,
			);
		};
/* End PBXProject section */

/* Begin PBXResourcesBuildPhase section */
		7D75CE922809A0CF00AC597A /* Resources */ = {
			isa = PBXResourcesBuildPhase;
			buildActionMask = 2147483647;
			files = (
				7D75CE9F2809A0D200AC597A /* Preview Assets.xcassets in Resources */,
				7D75CE9C2809A0D200AC597A /* Assets.xcassets in Resources */,
			);
			runOnlyForDeploymentPostprocessing = 0;
		};
/* End PBXResourcesBuildPhase section */

/* Begin PBXSourcesBuildPhase section */
		7D75CE902809A0CF00AC597A /* Sources */ = {
			isa = PBXSourcesBuildPhase;
			buildActionMask = 2147483647;
			files = (
				7D75CEB22809B26B00AC597A /* FruitData.swift in Sources */,
				7D75CEAA2809A9AD00AC597A /* StartButtonView.swift in Sources */,
				7D75CEAD2809AF1400AC597A /* Onboarding.swift in Sources */,
				7D75CEC42809D73D00AC597A /* FruitDetail.swift in Sources */,
				7D75CED5280AF5F400AC597A /* SettingsRowView.swift in Sources */,
				7D75CED02809E69600AC597A /* Settings.swift in Sources */,
				7D75CEA82809A50900AC597A /* CardView.swift in Sources */,
				7D75CEC02809BED800AC597A /* ListCardView.swift in Sources */,
				7D75CEAF2809B17500AC597A /* FruitModel.swift in Sources */,
				7D75CEC82809DBDA00AC597A /* HeaderView.swift in Sources */,
				7D75CEB42809B8FE00AC597A /* HomePage.swift in Sources */,
				7D75CECA2809DE0200AC597A /* SourceLinkView.swift in Sources */,
				7D75CECC2809E0EC00AC597A /* NutrientView.swift in Sources */,
				7D75CED32809EE1F00AC597A /* SettingsLabelView.swift in Sources */,
				7D75CE982809A0CF00AC597A /* FruitsApp.swift in Sources */,
				7D75CEB82809B9A900AC597A /* Constants.swift in Sources */,
			);
			runOnlyForDeploymentPostprocessing = 0;
		};
/* End PBXSourcesBuildPhase section */

/* Begin XCBuildConfiguration section */
		7D75CEA02809A0D200AC597A /* Debug */ = {
			isa = XCBuildConfiguration;
			buildSettings = {
				ALWAYS_SEARCH_USER_PATHS = NO;
				CLANG_ANALYZER_NONNULL = YES;
				CLANG_ANALYZER_NUMBER_OBJECT_CONVERSION = YES_AGGRESSIVE;
				CLANG_CXX_LANGUAGE_STANDARD = "gnu++17";
				CLANG_ENABLE_MODULES = YES;
				CLANG_ENABLE_OBJC_ARC = YES;
				CLANG_ENABLE_OBJC_WEAK = YES;
				CLANG_WARN_BLOCK_CAPTURE_AUTORELEASING = YES;
				CLANG_WARN_BOOL_CONVERSION = YES;
				CLANG_WARN_COMMA = YES;
				CLANG_WARN_CONSTANT_CONVERSION = YES;
				CLANG_WARN_DEPRECATED_OBJC_IMPLEMENTATIONS = YES;
				CLANG_WARN_DIRECT_OBJC_ISA_USAGE = YES_ERROR;
				CLANG_WARN_DOCUMENTATION_COMMENTS = YES;
				CLANG_WARN_EMPTY_BODY = YES;
				CLANG_WARN_ENUM_CONVERSION = YES;
				CLANG_WARN_INFINITE_RECURSION = YES;
				CLANG_WARN_INT_CONVERSION = YES;
				CLANG_WARN_NON_LITERAL_NULL_CONVERSION = YES;
				CLANG_WARN_OBJC_IMPLICIT_RETAIN_SELF = YES;
				CLANG_WARN_OBJC_LITERAL_CONVERSION = YES;
				CLANG_WARN_OBJC_ROOT_CLASS = YES_ERROR;
				CLANG_WARN_QUOTED_INCLUDE_IN_FRAMEWORK_HEADER = YES;
				CLANG_WARN_RANGE_LOOP_ANALYSIS = YES;
				CLANG_WARN_STRICT_PROTOTYPES = YES;
				CLANG_WARN_SUSPICIOUS_MOVE = YES;
				CLANG_WARN_UNGUARDED_AVAILABILITY = YES_AGGRESSIVE;
				CLANG_WARN_UNREACHABLE_CODE = YES;
				CLANG_WARN__DUPLICATE_METHOD_MATCH = YES;
				COPY_PHASE_STRIP = NO;
				DEBUG_INFORMATION_FORMAT = dwarf;
				ENABLE_STRICT_OBJC_MSGSEND = YES;
				ENABLE_TESTABILITY = YES;
				GCC_C_LANGUAGE_STANDARD = gnu11;
				GCC_DYNAMIC_NO_PIC = NO;
				GCC_NO_COMMON_BLOCKS = YES;
				GCC_OPTIMIZATION_LEVEL = 0;
				GCC_PREPROCESSOR_DEFINITIONS = (
					"DEBUG=1",
					"$(inherited)",
				);
				GCC_WARN_64_TO_32_BIT_CONVERSION = YES;
				GCC_WARN_ABOUT_RETURN_TYPE = YES_ERROR;
				GCC_WARN_UNDECLARED_SELECTOR = YES;
				GCC_WARN_UNINITIALIZED_AUTOS = YES_AGGRESSIVE;
				GCC_WARN_UNUSED_FUNCTION = YES;
				GCC_WARN_UNUSED_VARIABLE = YES;
				IPHONEOS_DEPLOYMENT_TARGET = 15.4;
				MTL_ENABLE_DEBUG_INFO = INCLUDE_SOURCE;
				MTL_FAST_MATH = YES;
				ONLY_ACTIVE_ARCH = YES;
				SDKROOT = iphoneos;
				SWIFT_ACTIVE_COMPILATION_CONDITIONS = DEBUG;
				SWIFT_OPTIMIZATION_LEVEL = "-Onone";
			};
			name = Debug;
		};
		7D75CEA12809A0D200AC597A /* Release */ = {
			isa = XCBuildConfiguration;
			buildSettings = {
				ALWAYS_SEARCH_USER_PATHS = NO;
				CLANG_ANALYZER_NONNULL = YES;
				CLANG_ANALYZER_NUMBER_OBJECT_CONVERSION = YES_AGGRESSIVE;
				CLANG_CXX_LANGUAGE_STANDARD = "gnu++17";
				CLANG_ENABLE_MODULES = YES;
				CLANG_ENABLE_OBJC_ARC = YES;
				CLANG_ENABLE_OBJC_WEAK = YES;
				CLANG_WARN_BLOCK_CAPTURE_AUTORELEASING = YES;
				CLANG_WARN_BOOL_CONVERSION = YES;
				CLANG_WARN_COMMA = YES;
				CLANG_WARN_CONSTANT_CONVERSION = YES;
				CLANG_WARN_DEPRECATED_OBJC_IMPLEMENTATIONS = YES;
				CLANG_WARN_DIRECT_OBJC_ISA_USAGE = YES_ERROR;
				CLANG_WARN_DOCUMENTATION_COMMENTS = YES;
				CLANG_WARN_EMPTY_BODY = YES;
				CLANG_WARN_ENUM_CONVERSION = YES;
				CLANG_WARN_INFINITE_RECURSION = YES;
				CLANG_WARN_INT_CONVERSION = YES;
				CLANG_WARN_NON_LITERAL_NULL_CONVERSION = YES;
				CLANG_WARN_OBJC_IMPLICIT_RETAIN_SELF = YES;
				CLANG_WARN_OBJC_LITERAL_CONVERSION = YES;
				CLANG_WARN_OBJC_ROOT_CLASS = YES_ERROR;
				CLANG_WARN_QUOTED_INCLUDE_IN_FRAMEWORK_HEADER = YES;
				CLANG_WARN_RANGE_LOOP_ANALYSIS = YES;
				CLANG_WARN_STRICT_PROTOTYPES = YES;
				CLANG_WARN_SUSPICIOUS_MOVE = YES;
				CLANG_WARN_UNGUARDED_AVAILABILITY = YES_AGGRESSIVE;
				CLANG_WARN_UNREACHABLE_CODE = YES;
				CLANG_WARN__DUPLICATE_METHOD_MATCH = YES;
				COPY_PHASE_STRIP = NO;
				DEBUG_INFORMATION_FORMAT = "dwarf-with-dsym";
				ENABLE_NS_ASSERTIONS = NO;
				ENABLE_STRICT_OBJC_MSGSEND = YES;
				GCC_C_LANGUAGE_STANDARD = gnu11;
				GCC_NO_COMMON_BLOCKS = YES;
				GCC_WARN_64_TO_32_BIT_CONVERSION = YES;
				GCC_WARN_ABOUT_RETURN_TYPE = YES_ERROR;
				GCC_WARN_UNDECLARED_SELECTOR = YES;
				GCC_WARN_UNINITIALIZED_AUTOS = YES_AGGRESSIVE;
				GCC_WARN_UNUSED_FUNCTION = YES;
				GCC_WARN_UNUSED_VARIABLE = YES;
				IPHONEOS_DEPLOYMENT_TARGET = 15.4;
				MTL_ENABLE_DEBUG_INFO = NO;
				MTL_FAST_MATH = YES;
				SDKROOT = iphoneos;
				SWIFT_COMPILATION_MODE = wholemodule;
				SWIFT_OPTIMIZATION_LEVEL = "-O";
				VALIDATE_PRODUCT = YES;
			};
			name = Release;
		};
		7D75CEA32809A0D200AC597A /* Debug */ = {
			isa = XCBuildConfiguration;
			buildSettings = {
				ASSETCATALOG_COMPILER_APPICON_NAME = AppIcon;
				ASSETCATALOG_COMPILER_GLOBAL_ACCENT_COLOR_NAME = AccentColor;
				CODE_SIGN_STYLE = Automatic;
				CURRENT_PROJECT_VERSION = 1;
				DEVELOPMENT_ASSET_PATHS = "\"Fruits/Preview Content\"";
				DEVELOPMENT_TEAM = LA8HRC648H;
				ENABLE_PREVIEWS = YES;
				GENERATE_INFOPLIST_FILE = YES;
				INFOPLIST_KEY_UIApplicationSceneManifest_Generation = YES;
				INFOPLIST_KEY_UIApplicationSupportsIndirectInputEvents = YES;
				INFOPLIST_KEY_UILaunchScreen_Generation = YES;
				INFOPLIST_KEY_UISupportedInterfaceOrientations = UIInterfaceOrientationPortrait;
				INFOPLIST_KEY_UISupportedInterfaceOrientations_iPad = "UIInterfaceOrientationPortrait UIInterfaceOrientationPortraitUpsideDown UIInterfaceOrientationLandscapeLeft UIInterfaceOrientationLandscapeRight";
				INFOPLIST_KEY_UISupportedInterfaceOrientations_iPhone = UIInterfaceOrientationPortrait;
				LD_RUNPATH_SEARCH_PATHS = (
					"$(inherited)",
					"@executable_path/Frameworks",
				);
				MARKETING_VERSION = 1.0;
				PRODUCT_BUNDLE_IDENTIFIER = com.dotsehyde.Fruits;
				PRODUCT_NAME = "$(TARGET_NAME)";
				SWIFT_EMIT_LOC_STRINGS = YES;
				SWIFT_VERSION = 5.0;
				TARGETED_DEVICE_FAMILY = "1,2";
			};
			name = Debug;
		};
		7D75CEA42809A0D200AC597A /* Release */ = {
			isa = XCBuildConfiguration;
			buildSettings = {
				ASSETCATALOG_COMPILER_APPICON_NAME = AppIcon;
				ASSETCATALOG_COMPILER_GLOBAL_ACCENT_COLOR_NAME = AccentColor;
				CODE_SIGN_STYLE = Automatic;
				CURRENT_PROJECT_VERSION = 1;
				DEVELOPMENT_ASSET_PATHS = "\"Fruits/Preview Content\"";
				DEVELOPMENT_TEAM = LA8HRC648H;
				ENABLE_PREVIEWS = YES;
				GENERATE_INFOPLIST_FILE = YES;
				INFOPLIST_KEY_UIApplicationSceneManifest_Generation = YES;
				INFOPLIST_KEY_UIApplicationSupportsIndirectInputEvents = YES;
				INFOPLIST_KEY_UILaunchScreen_Generation = YES;
				INFOPLIST_KEY_UISupportedInterfaceOrientations = UIInterfaceOrientationPortrait;
				INFOPLIST_KEY_UISupportedInterfaceOrientations_iPad = "UIInterfaceOrientationPortrait UIInterfaceOrientationPortraitUpsideDown UIInterfaceOrientationLandscapeLeft UIInterfaceOrientationLandscapeRight";
				INFOPLIST_KEY_UISupportedInterfaceOrientations_iPhone = UIInterfaceOrientationPortrait;
				LD_RUNPATH_SEARCH_PATHS = (
					"$(inherited)",
					"@executable_path/Frameworks",
				);
				MARKETING_VERSION = 1.0;
				PRODUCT_BUNDLE_IDENTIFIER = com.dotsehyde.Fruits;
				PRODUCT_NAME = "$(TARGET_NAME)";
				SWIFT_EMIT_LOC_STRINGS = YES;
				SWIFT_VERSION = 5.0;
				TARGETED_DEVICE_FAMILY = "1,2";
			};
			name = Release;
		};
/* End XCBuildConfiguration section */

/* Begin XCConfigurationList section */
		7D75CE8F2809A0CF00AC597A /* Build configuration list for PBXProject "Fruits" */ = {
			isa = XCConfigurationList;
			buildConfigurations = (
				7D75CEA02809A0D200AC597A /* Debug */,
				7D75CEA12809A0D200AC597A /* Release */,
			);
			defaultConfigurationIsVisible = 0;
			defaultConfigurationName = Release;
		};
		7D75CEA22809A0D200AC597A /* Build configuration list for PBXNativeTarget "Fruits" */ = {
			isa = XCConfigurationList;
			buildConfigurations = (
				7D75CEA32809A0D200AC597A /* Debug */,
				7D75CEA42809A0D200AC597A /* Release */,
			);
			defaultConfigurationIsVisible = 0;
			defaultConfigurationName = Release;
		};
/* End XCConfigurationList section */
	};
	rootObject = 7D75CE8C2809A0CF00AC597A /* Project object */;
}
